github.com/golang-must/must v0.0.0-20211018162553-f536e16d6da8 h1:qctN5N/Q/MG3y0GmBYnyAlmPKnAAp0Np8e92Z9FUkTY=
github.com/golang-must/must v0.0.0-20211018162553-f536e16d6da8/go.mod h1:Ea+Pj9+4Y581x8+7f65xWh2VcXjA1UnvPsoxAaA1iz0=
github.com/ngamux/ngamux v1.0.4 h1:9dK4LUfyI3J0w6gMT8SdZRH5RAAMS/v9RN4bf4aH0Z0=
github.com/ngamux/ngamux v1.0.4/go.mod h1:+E6sQoxYI3AtTwPUaAe0wBVosJsyvkCzs7pczelu6fs=
